// !$*UTF8*$!
{
	archiveVersion = 1;
	classes = {
	};
	objectVersion = 77;
	objects = {

/* Begin PBXContainerItemProxy section */
		671671BB2D54E10D0067A326 /* PBXContainerItemProxy */ = {
			isa = PBXContainerItemProxy;
			containerPortal = 671671A22D54E10B0067A326 /* Project object */;
			proxyType = 1;
			remoteGlobalIDString = 671671A92D54E10B0067A326;
			remoteInfo = SwiftUIVMI;
		};
		671671C52D54E10D0067A326 /* PBXContainerItemProxy */ = {
			isa = PBXContainerItemProxy;
			containerPortal = 671671A22D54E10B0067A326 /* Project object */;
			proxyType = 1;
			remoteGlobalIDString = 671671A92D54E10B0067A326;
			remoteInfo = SwiftUIVMI;
		};
/* End PBXContainerItemProxy section */

/* Begin PBXFileReference section */
		671671AA2D54E10B0067A326 /* SwiftUIVMI.app */ = {isa = PBXFileReference; explicitFileType = wrapper.application; includeInIndex = 0; path = SwiftUIVMI.app; sourceTree = BUILT_PRODUCTS_DIR; };
		671671BA2D54E10D0067A326 /* SwiftUIVMITests.xctest */ = {isa = PBXFileReference; explicitFileType = wrapper.cfbundle; includeInIndex = 0; path = SwiftUIVMITests.xctest; sourceTree = BUILT_PRODUCTS_DIR; };
		671671C42D54E10D0067A326 /* SwiftUIVMIUITests.xctest */ = {isa = PBXFileReference; explicitFileType = wrapper.cfbundle; includeInIndex = 0; path = SwiftUIVMIUITests.xctest; sourceTree = BUILT_PRODUCTS_DIR; };
/* End PBXFileReference section */

/* Begin PBXFileSystemSynchronizedRootGroup section */
		671671AC2D54E10B0067A326 /* SwiftUIVMI */ = {
			isa = PBXFileSystemSynchronizedRootGroup;
			path = SwiftUIVMI;
			sourceTree = "<group>";
		};
		671671BD2D54E10D0067A326 /* SwiftUIVMITests */ = {
			isa = PBXFileSystemSynchronizedRootGroup;
			path = SwiftUIVMITests;
			sourceTree = "<group>";
		};
		671671C72D54E10D0067A326 /* SwiftUIVMIUITests */ = {
			isa = PBXFileSystemSynchronizedRootGroup;
			path = SwiftUIVMIUITests;
			sourceTree = "<group>";
		};
/* End PBXFileSystemSynchronizedRootGroup section */

/* Begin PBXFrameworksBuildPhase section */
		671671A72D54E10B0067A326 /* Frameworks */ = {
			isa = PBXFrameworksBuildPhase;
			buildActionMask = 2147483647;
			files = (
			);
			runOnlyForDeploymentPostprocessing = 0;
		};
		671671B72D54E10D0067A326 /* Frameworks */ = {
			isa = PBXFrameworksBuildPhase;
			buildActionMask = 2147483647;
			files = (
			);
			runOnlyForDeploymentPostprocessing = 0;
		};
		671671C12D54E10D0067A326 /* Frameworks */ = {
			isa = PBXFrameworksBuildPhase;
			buildActionMask = 2147483647;
			files = (
			);
			runOnlyForDeploymentPostprocessing = 0;
		};
/* End PBXFrameworksBuildPhase section */

/* Begin PBXGroup section */
		671671A12D54E10B0067A326 = {
			isa = PBXGroup;
			children = (
				671671AC2D54E10B0067A326 /* SwiftUIVMI */,
				671671BD2D54E10D0067A326 /* SwiftUIVMITests */,
				671671C72D54E10D0067A326 /* SwiftUIVMIUITests */,
				671671AB2D54E10B0067A326 /* Products */,
			);
			sourceTree = "<group>";
		};
		671671AB2D54E10B0067A326 /* Products */ = {
			isa = PBXGroup;
			children = (
				671671AA2D54E10B0067A326 /* SwiftUIVMI.app */,
				671671BA2D54E10D0067A326 /* SwiftUIVMITests.xctest */,
				671671C42D54E10D0067A326 /* SwiftUIVMIUITests.xctest */,
			);
			name = Products;
			sourceTree = "<group>";
		};
/* End PBXGroup section */

/* Begin PBXNativeTarget section */
		671671A92D54E10B0067A326 /* SwiftUIVMI */ = {
			isa = PBXNativeTarget;
			buildConfigurationList = 671671CE2D54E10D0067A326 /* Build configuration list for PBXNativeTarget "SwiftUIVMI" */;
			buildPhases = (
				671671A62D54E10B0067A326 /* Sources */,
				671671A72D54E10B0067A326 /* Frameworks */,
				671671A82D54E10B0067A326 /* Resources */,
			);
			buildRules = (
			);
			dependencies = (
			);
			fileSystemSynchronizedGroups = (
				671671AC2D54E10B0067A326 /* SwiftUIVMI */,
			);
			name = SwiftUIVMI;
			packageProductDependencies = (
			);
			productName = SwiftUIVMI;
			productReference = 671671AA2D54E10B0067A326 /* SwiftUIVMI.app */;
			productType = "com.apple.product-type.application";
		};
		671671B92D54E10D0067A326 /* SwiftUIVMITests */ = {
			isa = PBXNativeTarget;
			buildConfigurationList = 671671D12D54E10D0067A326 /* Build configuration list for PBXNativeTarget "SwiftUIVMITests" */;
			buildPhases = (
				671671B62D54E10D0067A326 /* Sources */,
				671671B72D54E10D0067A326 /* Frameworks */,
				671671B82D54E10D0067A326 /* Resources */,
			);
			buildRules = (
			);
			dependencies = (
				671671BC2D54E10D0067A326 /* PBXTargetDependency */,
			);
			fileSystemSynchronizedGroups = (
				671671BD2D54E10D0067A326 /* SwiftUIVMITests */,
			);
			name = SwiftUIVMITests;
			packageProductDependencies = (
			);
			productName = SwiftUIVMITests;
			productReference = 671671BA2D54E10D0067A326 /* SwiftUIVMITests.xctest */;
			productType = "com.apple.product-type.bundle.unit-test";
		};
		671671C32D54E10D0067A326 /* SwiftUIVMIUITests */ = {
			isa = PBXNativeTarget;
			buildConfigurationList = 671671D42D54E10D0067A326 /* Build configuration list for PBXNativeTarget "SwiftUIVMIUITests" */;
			buildPhases = (
				671671C02D54E10D0067A326 /* Sources */,
				671671C12D54E10D0067A326 /* Frameworks */,
				671671C22D54E10D0067A326 /* Resources */,
			);
			buildRules = (
			);
			dependencies = (
				671671C62D54E10D0067A326 /* PBXTargetDependency */,
			);
			fileSystemSynchronizedGroups = (
				671671C72D54E10D0067A326 /* SwiftUIVMIUITests */,
			);
			name = SwiftUIVMIUITests;
			packageProductDependencies = (
			);
			productName = SwiftUIVMIUITests;
			productReference = 671671C42D54E10D0067A326 /* SwiftUIVMIUITests.xctest */;
			productType = "com.apple.product-type.bundle.ui-testing";
		};
/* End PBXNativeTarget section */

/* Begin PBXProject section */
		671671A22D54E10B0067A326 /* Project object */ = {
			isa = PBXProject;
			attributes = {
				BuildIndependentTargetsInParallel = 1;
				LastSwiftUpdateCheck = 1620;
				LastUpgradeCheck = 1620;
				TargetAttributes = {
					671671A92D54E10B0067A326 = {
						CreatedOnToolsVersion = 16.2;
					};
					671671B92D54E10D0067A326 = {
						CreatedOnToolsVersion = 16.2;
						TestTargetID = 671671A92D54E10B0067A326;
					};
					671671C32D54E10D0067A326 = {
						CreatedOnToolsVersion = 16.2;
						TestTargetID = 671671A92D54E10B0067A326;
					};
				};
			};
			buildConfigurationList = 671671A52D54E10B0067A326 /* Build configuration list for PBXProject "SwiftUIVMI" */;
			developmentRegion = en;
			hasScannedForEncodings = 0;
			knownRegions = (
				en,
				Base,
			);
			mainGroup = 671671A12D54E10B0067A326;
			minimizedProjectReferenceProxies = 1;
			preferredProjectObjectVersion = 77;
			productRefGroup = 671671AB2D54E10B0067A326 /* Products */;
			projectDirPath = "";
			projectRoot = "";
			targets = (
				671671A92D54E10B0067A326 /* SwiftUIVMI */,
				671671B92D54E10D0067A326 /* SwiftUIVMITests */,
				671671C32D54E10D0067A326 /* SwiftUIVMIUITests */,
			);
		};
/* End PBXProject section */

/* Begin PBXResourcesBuildPhase section */
		671671A82D54E10B0067A326 /* Resources */ = {
			isa = PBXResourcesBuildPhase;
			buildActionMask = 2147483647;
			files = (
			);
			runOnlyForDeploymentPostprocessing = 0;
		};
		671671B82D54E10D0067A326 /* Resources */ = {
			isa = PBXResourcesBuildPhase;
			buildActionMask = 2147483647;
			files = (
			);
			runOnlyForDeploymentPostprocessing = 0;
		};
		671671C22D54E10D0067A326 /* Resources */ = {
			isa = PBXResourcesBuildPhase;
			buildActionMask = 2147483647;
			files = (
			);
			runOnlyForDeploymentPostprocessing = 0;
		};
/* End PBXResourcesBuildPhase section */

/* Begin PBXSourcesBuildPhase section */
		671671A62D54E10B0067A326 /* Sources */ = {
			isa = PBXSourcesBuildPhase;
			buildActionMask = 2147483647;
			files = (
			);
			runOnlyForDeploymentPostprocessing = 0;
		};
		671671B62D54E10D0067A326 /* Sources */ = {
			isa = PBXSourcesBuildPhase;
			buildActionMask = 2147483647;
			files = (
			);
			runOnlyForDeploymentPostprocessing = 0;
		};
		671671C02D54E10D0067A326 /* Sources */ = {
			isa = PBXSourcesBuildPhase;
			buildActionMask = 2147483647;
			files = (
			);
			runOnlyForDeploymentPostprocessing = 0;
		};
/* End PBXSourcesBuildPhase section */

/* Begin PBXTargetDependency section */
		671671BC2D54E10D0067A326 /* PBXTargetDependency */ = {
			isa = PBXTargetDependency;
			target = 671671A92D54E10B0067A326 /* SwiftUIVMI */;
			targetProxy = 671671BB2D54E10D0067A326 /* PBXContainerItemProxy */;
		};
		671671C62D54E10D0067A326 /* PBXTargetDependency */ = {
			isa = PBXTargetDependency;
			target = 671671A92D54E10B0067A326 /* SwiftUIVMI */;
			targetProxy = 671671C52D54E10D0067A326 /* PBXContainerItemProxy */;
		};
/* End PBXTargetDependency section */

/* Begin XCBuildConfiguration section */
		671671CC2D54E10D0067A326 /* Debug */ = {
			isa = XCBuildConfiguration;
			buildSettings = {
				ALWAYS_SEARCH_USER_PATHS = NO;
				ASSETCATALOG_COMPILER_GENERATE_SWIFT_ASSET_SYMBOL_EXTENSIONS = YES;
				CLANG_ANALYZER_NONNULL = YES;
				CLANG_ANALYZER_NUMBER_OBJECT_CONVERSION = YES_AGGRESSIVE;
				CLANG_CXX_LANGUAGE_STANDARD = "gnu++20";
				CLANG_ENABLE_MODULES = YES;
				CLANG_ENABLE_OBJC_ARC = YES;
				CLANG_ENABLE_OBJC_WEAK = YES;
				CLANG_WARN_BLOCK_CAPTURE_AUTORELEASING = YES;
				CLANG_WARN_BOOL_CONVERSION = YES;
				CLANG_WARN_COMMA = YES;
				CLANG_WARN_CONSTANT_CONVERSION = YES;
				CLANG_WARN_DEPRECATED_OBJC_IMPLEMENTATIONS = YES;
				CLANG_WARN_DIRECT_OBJC_ISA_USAGE = YES_ERROR;
				CLANG_WARN_DOCUMENTATION_COMMENTS = YES;
				CLANG_WARN_EMPTY_BODY = YES;
				CLANG_WARN_ENUM_CONVERSION = YES;
				CLANG_WARN_INFINITE_RECURSION = YES;
				CLANG_WARN_INT_CONVERSION = YES;
				CLANG_WARN_NON_LITERAL_NULL_CONVERSION = YES;
				CLANG_WARN_OBJC_IMPLICIT_RETAIN_SELF = YES;
				CLANG_WARN_OBJC_LITERAL_CONVERSION = YES;
				CLANG_WARN_OBJC_ROOT_CLASS = YES_ERROR;
				CLANG_WARN_QUOTED_INCLUDE_IN_FRAMEWORK_HEADER = YES;
				CLANG_WARN_RANGE_LOOP_ANALYSIS = YES;
				CLANG_WARN_STRICT_PROTOTYPES = YES;
				CLANG_WARN_SUSPICIOUS_MOVE = YES;
				CLANG_WARN_UNGUARDED_AVAILABILITY = YES_AGGRESSIVE;
				CLANG_WARN_UNREACHABLE_CODE = YES;
				CLANG_WARN__DUPLICATE_METHOD_MATCH = YES;
				COPY_PHASE_STRIP = NO;
				DEBUG_INFORMATION_FORMAT = dwarf;
				ENABLE_STRICT_OBJC_MSGSEND = YES;
				ENABLE_TESTABILITY = YES;
				ENABLE_USER_SCRIPT_SANDBOXING = YES;
				GCC_C_LANGUAGE_STANDARD = gnu17;
				GCC_DYNAMIC_NO_PIC = NO;
				GCC_NO_COMMON_BLOCKS = YES;
				GCC_OPTIMIZATION_LEVEL = 0;
				GCC_PREPROCESSOR_DEFINITIONS = (
					"DEBUG=1",
					"$(inherited)",
				);
				GCC_WARN_64_TO_32_BIT_CONVERSION = YES;
				GCC_WARN_ABOUT_RETURN_TYPE = YES_ERROR;
				GCC_WARN_UNDECLARED_SELECTOR = YES;
				GCC_WARN_UNINITIALIZED_AUTOS = YES_AGGRESSIVE;
				GCC_WARN_UNUSED_FUNCTION = YES;
				GCC_WARN_UNUSED_VARIABLE = YES;
				IPHONEOS_DEPLOYMENT_TARGET = 18.2;
				LOCALIZATION_PREFERS_STRING_CATALOGS = YES;
				MTL_ENABLE_DEBUG_INFO = INCLUDE_SOURCE;
				MTL_FAST_MATH = YES;
				ONLY_ACTIVE_ARCH = YES;
				SDKROOT = iphoneos;
				SWIFT_ACTIVE_COMPILATION_CONDITIONS = "DEBUG $(inherited)";
				SWIFT_OPTIMIZATION_LEVEL = "-Onone";
			};
			name = Debug;
		};
		671671CD2D54E10D0067A326 /* Release */ = {
			isa = XCBuildConfiguration;
			buildSettings = {
				ALWAYS_SEARCH_USER_PATHS = NO;
				ASSETCATALOG_COMPILER_GENERATE_SWIFT_ASSET_SYMBOL_EXTENSIONS = YES;
				CLANG_ANALYZER_NONNULL = YES;
				CLANG_ANALYZER_NUMBER_OBJECT_CONVERSION = YES_AGGRESSIVE;
				CLANG_CXX_LANGUAGE_STANDARD = "gnu++20";
				CLANG_ENABLE_MODULES = YES;
				CLANG_ENABLE_OBJC_ARC = YES;
				CLANG_ENABLE_OBJC_WEAK = YES;
				CLANG_WARN_BLOCK_CAPTURE_AUTORELEASING = YES;
				CLANG_WARN_BOOL_CONVERSION = YES;
				CLANG_WARN_COMMA = YES;
				CLANG_WARN_CONSTANT_CONVERSION = YES;
				CLANG_WARN_DEPRECATED_OBJC_IMPLEMENTATIONS = YES;
				CLANG_WARN_DIRECT_OBJC_ISA_USAGE = YES_ERROR;
				CLANG_WARN_DOCUMENTATION_COMMENTS = YES;
				CLANG_WARN_EMPTY_BODY = YES;
				CLANG_WARN_ENUM_CONVERSION = YES;
				CLANG_WARN_INFINITE_RECURSION = YES;
				CLANG_WARN_INT_CONVERSION = YES;
				CLANG_WARN_NON_LITERAL_NULL_CONVERSION = YES;
				CLANG_WARN_OBJC_IMPLICIT_RETAIN_SELF = YES;
				CLANG_WARN_OBJC_LITERAL_CONVERSION = YES;
				CLANG_WARN_OBJC_ROOT_CLASS = YES_ERROR;
				CLANG_WARN_QUOTED_INCLUDE_IN_FRAMEWORK_HEADER = YES;
				CLANG_WARN_RANGE_LOOP_ANALYSIS = YES;
				CLANG_WARN_STRICT_PROTOTYPES = YES;
				CLANG_WARN_SUSPICIOUS_MOVE = YES;
				CLANG_WARN_UNGUARDED_AVAILABILITY = YES_AGGRESSIVE;
				CLANG_WARN_UNREACHABLE_CODE = YES;
				CLANG_WARN__DUPLICATE_METHOD_MATCH = YES;
				COPY_PHASE_STRIP = NO;
				DEBUG_INFORMATION_FORMAT = "dwarf-with-dsym";
				ENABLE_NS_ASSERTIONS = NO;
				ENABLE_STRICT_OBJC_MSGSEND = YES;
				ENABLE_USER_SCRIPT_SANDBOXING = YES;
				GCC_C_LANGUAGE_STANDARD = gnu17;
				GCC_NO_COMMON_BLOCKS = YES;
				GCC_WARN_64_TO_32_BIT_CONVERSION = YES;
				GCC_WARN_ABOUT_RETURN_TYPE = YES_ERROR;
				GCC_WARN_UNDECLARED_SELECTOR = YES;
				GCC_WARN_UNINITIALIZED_AUTOS = YES_AGGRESSIVE;
				GCC_WARN_UNUSED_FUNCTION = YES;
				GCC_WARN_UNUSED_VARIABLE = YES;
				IPHONEOS_DEPLOYMENT_TARGET = 18.2;
				LOCALIZATION_PREFERS_STRING_CATALOGS = YES;
				MTL_ENABLE_DEBUG_INFO = NO;
				MTL_FAST_MATH = YES;
				SDKROOT = iphoneos;
				SWIFT_COMPILATION_MODE = wholemodule;
				VALIDATE_PRODUCT = YES;
			};
			name = Release;
		};
		671671CF2D54E10D0067A326 /* Debug */ = {
			isa = XCBuildConfiguration;
			buildSettings = {
				ASSETCATALOG_COMPILER_APPICON_NAME = AppIcon;
				ASSETCATALOG_COMPILER_GLOBAL_ACCENT_COLOR_NAME = AccentColor;
				CODE_SIGN_STYLE = Automatic;
				CURRENT_PROJECT_VERSION = 1;
				DEVELOPMENT_ASSET_PATHS = "\"SwiftUIVMI/Preview Content\"";
				DEVELOPMENT_TEAM = D6NJK5G93X;
				ENABLE_PREVIEWS = YES;
				GENERATE_INFOPLIST_FILE = YES;
				INFOPLIST_KEY_UIApplicationSceneManifest_Generation = YES;
				INFOPLIST_KEY_UIApplicationSupportsIndirectInputEvents = YES;
				INFOPLIST_KEY_UILaunchScreen_Generation = YES;
				INFOPLIST_KEY_UISupportedInterfaceOrientations_iPad = "UIInterfaceOrientationPortrait UIInterfaceOrientationPortraitUpsideDown UIInterfaceOrientationLandscapeLeft UIInterfaceOrientationLandscapeRight";
				INFOPLIST_KEY_UISupportedInterfaceOrientations_iPhone = "UIInterfaceOrientationPortrait UIInterfaceOrientationLandscapeLeft UIInterfaceOrientationLandscapeRight";
				LD_RUNPATH_SEARCH_PATHS = (
					"$(inherited)",
					"@executable_path/Frameworks",
				);
				MARKETING_VERSION = 1.0;
				PRODUCT_BUNDLE_IDENTIFIER = com.auriga.SwiftUIVMI;
				PRODUCT_NAME = "$(TARGET_NAME)";
				SWIFT_EMIT_LOC_STRINGS = YES;
				SWIFT_VERSION = 5.0;
				TARGETED_DEVICE_FAMILY = "1,2";
			};
			name = Debug;
		};
		671671D02D54E10D0067A326 /* Release */ = {
			isa = XCBuildConfiguration;
			buildSettings = {
				ASSETCATALOG_COMPILER_APPICON_NAME = AppIcon;
				ASSETCATALOG_COMPILER_GLOBAL_ACCENT_COLOR_NAME = AccentColor;
				CODE_SIGN_STYLE = Automatic;
				CURRENT_PROJECT_VERSION = 1;
				DEVELOPMENT_ASSET_PATHS = "\"SwiftUIVMI/Preview Content\"";
				DEVELOPMENT_TEAM = D6NJK5G93X;
				ENABLE_PREVIEWS = YES;
				GENERATE_INFOPLIST_FILE = YES;
				INFOPLIST_KEY_UIApplicationSceneManifest_Generation = YES;
				INFOPLIST_KEY_UIApplicationSupportsIndirectInputEvents = YES;
				INFOPLIST_KEY_UILaunchScreen_Generation = YES;
				INFOPLIST_KEY_UISupportedInterfaceOrientations_iPad = "UIInterfaceOrientationPortrait UIInterfaceOrientationPortraitUpsideDown UIInterfaceOrientationLandscapeLeft UIInterfaceOrientationLandscapeRight";
				INFOPLIST_KEY_UISupportedInterfaceOrientations_iPhone = "UIInterfaceOrientationPortrait UIInterfaceOrientationLandscapeLeft UIInterfaceOrientationLandscapeRight";
				LD_RUNPATH_SEARCH_PATHS = (
					"$(inherited)",
					"@executable_path/Frameworks",
				);
				MARKETING_VERSION = 1.0;
				PRODUCT_BUNDLE_IDENTIFIER = com.auriga.SwiftUIVMI;
				PRODUCT_NAME = "$(TARGET_NAME)";
				SWIFT_EMIT_LOC_STRINGS = YES;
				SWIFT_VERSION = 5.0;
				TARGETED_DEVICE_FAMILY = "1,2";
			};
			name = Release;
		};
		671671D22D54E10D0067A326 /* Debug */ = {
			isa = XCBuildConfiguration;
			buildSettings = {
				BUNDLE_LOADER = "$(TEST_HOST)";
				CODE_SIGN_STYLE = Automatic;
				CURRENT_PROJECT_VERSION = 1;
				DEVELOPMENT_TEAM = D6NJK5G93X;
				GENERATE_INFOPLIST_FILE = YES;
				IPHONEOS_DEPLOYMENT_TARGET = 18.2;
				MARKETING_VERSION = 1.0;
				PRODUCT_BUNDLE_IDENTIFIER = com.auriga.SwiftUIVMITests;
				PRODUCT_NAME = "$(TARGET_NAME)";
				SWIFT_EMIT_LOC_STRINGS = NO;
				SWIFT_VERSION = 5.0;
				TARGETED_DEVICE_FAMILY = "1,2";
				TEST_HOST = "$(BUILT_PRODUCTS_DIR)/SwiftUIVMI.app/$(BUNDLE_EXECUTABLE_FOLDER_PATH)/SwiftUIVMI";
			};
			name = Debug;
		};
		671671D32D54E10D0067A326 /* Release */ = {
			isa = XCBuildConfiguration;
			buildSettings = {
				BUNDLE_LOADER = "$(TEST_HOST)";
				CODE_SIGN_STYLE = Automatic;
				CURRENT_PROJECT_VERSION = 1;
				DEVELOPMENT_TEAM = D6NJK5G93X;
				GENERATE_INFOPLIST_FILE = YES;
				IPHONEOS_DEPLOYMENT_TARGET = 18.2;
				MARKETING_VERSION = 1.0;
				PRODUCT_BUNDLE_IDENTIFIER = com.auriga.SwiftUIVMITests;
				PRODUCT_NAME = "$(TARGET_NAME)";
				SWIFT_EMIT_LOC_STRINGS = NO;
				SWIFT_VERSION = 5.0;
				TARGETED_DEVICE_FAMILY = "1,2";
				TEST_HOST = "$(BUILT_PRODUCTS_DIR)/SwiftUIVMI.app/$(BUNDLE_EXECUTABLE_FOLDER_PATH)/SwiftUIVMI";
			};
			name = Release;
		};
		671671D52D54E10D0067A326 /* Debug */ = {
			isa = XCBuildConfiguration;
			buildSettings = {
				CODE_SIGN_STYLE = Automatic;
				CURRENT_PROJECT_VERSION = 1;
				DEVELOPMENT_TEAM = D6NJK5G93X;
				GENERATE_INFOPLIST_FILE = YES;
				MARKETING_VERSION = 1.0;
				PRODUCT_BUNDLE_IDENTIFIER = com.auriga.SwiftUIVMIUITests;
				PRODUCT_NAME = "$(TARGET_NAME)";
				SWIFT_EMIT_LOC_STRINGS = NO;
				SWIFT_VERSION = 5.0;
				TARGETED_DEVICE_FAMILY = "1,2";
				TEST_TARGET_NAME = SwiftUIVMI;
			};
			name = Debug;
		};
		671671D62D54E10D0067A326 /* Release */ = {
			isa = XCBuildConfiguration;
			buildSettings = {
				CODE_SIGN_STYLE = Automatic;
				CURRENT_PROJECT_VERSION = 1;
				DEVELOPMENT_TEAM = D6NJK5G93X;
				GENERATE_INFOPLIST_FILE = YES;
				MARKETING_VERSION = 1.0;
				PRODUCT_BUNDLE_IDENTIFIER = com.auriga.SwiftUIVMIUITests;
				PRODUCT_NAME = "$(TARGET_NAME)";
				SWIFT_EMIT_LOC_STRINGS = NO;
				SWIFT_VERSION = 5.0;
				TARGETED_DEVICE_FAMILY = "1,2";
				TEST_TARGET_NAME = SwiftUIVMI;
			};
			name = Release;
		};
/* End XCBuildConfiguration section */

/* Begin XCConfigurationList section */
		671671A52D54E10B0067A326 /* Build configuration list for PBXProject "SwiftUIVMI" */ = {
			isa = XCConfigurationList;
			buildConfigurations = (
				671671CC2D54E10D0067A326 /* Debug */,
				671671CD2D54E10D0067A326 /* Release */,
			);
			defaultConfigurationIsVisible = 0;
			defaultConfigurationName = Release;
		};
		671671CE2D54E10D0067A326 /* Build configuration list for PBXNativeTarget "SwiftUIVMI" */ = {
			isa = XCConfigurationList;
			buildConfigurations = (
				671671CF2D54E10D0067A326 /* Debug */,
				671671D02D54E10D0067A326 /* Release */,
			);
			defaultConfigurationIsVisible = 0;
			defaultConfigurationName = Release;
		};
		671671D12D54E10D0067A326 /* Build configuration list for PBXNativeTarget "SwiftUIVMITests" */ = {
			isa = XCConfigurationList;
			buildConfigurations = (
				671671D22D54E10D0067A326 /* Debug */,
				671671D32D54E10D0067A326 /* Release */,
			);
			defaultConfigurationIsVisible = 0;
			defaultConfigurationName = Release;
		};
		671671D42D54E10D0067A326 /* Build configuration list for PBXNativeTarget "SwiftUIVMIUITests" */ = {
			isa = XCConfigurationList;
			buildConfigurations = (
				671671D52D54E10D0067A326 /* Debug */,
				671671D62D54E10D0067A326 /* Release */,
			);
			defaultConfigurationIsVisible = 0;
			defaultConfigurationName = Release;
		};
/* End XCConfigurationList section */
	};
	rootObject = 671671A22D54E10B0067A326 /* Project object */;
}
